
Microsoft Visual Studio Solution File, Format Version 12.00
# Visual Studio 15
VisualStudioVersion = 15.0.26730.3
MinimumVisualStudioVersion = 10.0.40219.1
Project("{FAE04EC0-301F-11D3-BF4B-00C04F79EFBC}") = "SlimeFighter", "SlimeFighter\SlimeFighter.csproj", "{60860339-9A24-4DB4-8D20-F67DD8ACCBD8}"
EndProject
Global
	GlobalSection(SolutionConfigurationPlatforms) = preSolution
		Debug|Any CPU = Debug|Any CPU
		Release|Any CPU = Release|Any CPU
	EndGlobalSection
	GlobalSection(ProjectConfigurationPlatforms) = postSolution
		{60860339-9A24-4DB4-8D20-F67DD8ACCBD8}.Debug|Any CPU.ActiveCfg = Debug|Any CPU
		{60860339-9A24-4DB4-8D20-F67DD8ACCBD8}.Debug|Any CPU.Build.0 = Debug|Any CPU
		{60860339-9A24-4DB4-8D20-F67DD8ACCBD8}.Release|Any CPU.ActiveCfg = Release|Any CPU
		{60860339-9A24-4DB4-8D20-F67DD8ACCBD8}.Release|Any CPU.Build.0 = Release|Any CPU
	EndGlobalSection
	GlobalSection(SolutionProperties) = preSolution
		HideSolutionNode = FALSE
	EndGlobalSection
	GlobalSection(ExtensibilityGlobals) = postSolution
		SolutionGuid = {D40E4CA7-9852-453F-A9F9-1AE760C3C95A}
	EndGlobalSection
EndGlobal
